
Microsoft Visual Studio Solution File, Format Version 12.00
# Visual Studio Version 17
VisualStudioVersion = 17.7.34221.43
MinimumVisualStudioVersion = 10.0.40219.1
Project("{FAE04EC0-301F-11D3-BF4B-00C04F79EFBC}") = "WpfApp1_04.12", "WpfApp1_04.12.csproj", "{33835156-3827-4D26-B72A-CF8857DF1262}"
EndProject
Global
	GlobalSection(SolutionConfigurationPlatforms) = preSolution
		Debug|Any CPU = Debug|Any CPU
		Release|Any CPU = Release|Any CPU
	EndGlobalSection
	GlobalSection(ProjectConfigurationPlatforms) = postSolution
		{33835156-3827-4D26-B72A-CF8857DF1262}.Debug|Any CPU.ActiveCfg = Debug|Any CPU
		{33835156-3827-4D26-B72A-CF8857DF1262}.Debug|Any CPU.Build.0 = Debug|Any CPU
		{33835156-3827-4D26-B72A-CF8857DF1262}.Release|Any CPU.ActiveCfg = Release|Any CPU
		{33835156-3827-4D26-B72A-CF8857DF1262}.Release|Any CPU.Build.0 = Release|Any CPU
	EndGlobalSection
	GlobalSection(SolutionProperties) = preSolution
		HideSolutionNode = FALSE
	EndGlobalSection
	GlobalSection(ExtensibilityGlobals) = postSolution
		SolutionGuid = {4A072878-F437-4B1A-B85C-879EA03A2D5B}
	EndGlobalSection
EndGlobal
